# This file was autogenerated by Stack.
# You should not edit this file by hand.
# For more information, please see the documentation at:
#   https://docs.haskellstack.org/en/stable/lock_files

packages:
- completed:
    hackage: hw-kafka-client-3.0.0@sha256:a4757287b765de252f5f183e003eaf63c2c0acda051bdd72fd3f8610ca1f3cee,3172
    pantry-tree:
      size: 2055
      sha256: e846e5d799beab5c83a91d6a9c93b54c9e86fc3a8eda9bd389216d44f5c9c809
  original:
    hackage: hw-kafka-client-3.0.0
snapshots:
- completed:
    size: 491387
    url: https://raw.githubusercontent.com/commercialhaskell/stackage-snapshots/master/lts/15/6.yaml
    sha256: 8d81505a6de861e167a58534ab62330afb75bfa108735c7db1204f7ef2a39d79
  original: lts-15.6
