# This file was autogenerated by Stack.
# You should not edit this file by hand.
# For more information, please see the documentation at:
#   https://docs.haskellstack.org/en/stable/lock_files

packages:
- completed:
    hackage: hw-kafka-client-2.6.0@sha256:f8d20f3b88dee2c798b6b7f1b177a5e54a9aa5f4c1c7c8127847b5a555451cd8,3485
    pantry-tree:
      size: 2134
      sha256: 6445ca90351c7f32becfec68a53ea02a07a15ed6b6e8662415550fcc90c5fe62
  original:
    hackage: hw-kafka-client-2.6.0
- completed:
    hackage: hedis-0.12.0@sha256:def9f745d0cf8d9cea45cd81e26bead9b1b608c74b6aad9ec654578b5b6d5a4c,4988
    pantry-tree:
      size: 1134
      sha256: 55b16b9b285d679f5c1be31d55257b22cd4484c5ff31e639cd0cc38a0da7ee81
  original:
    hackage: hedis-0.12.0
snapshots:
- completed:
    size: 491909
    url: https://raw.githubusercontent.com/commercialhaskell/stackage-snapshots/master/nightly/2019/2/27.yaml
    sha256: 024e7b34b021c548cd81acee015d2411c51568f670ef7668832420765fb6c96b
  original: nightly-2019-02-27
